
Microsoft Visual Studio Solution File, Format Version 12.00
# Visual Studio Version 17
VisualStudioVersion = 17.4.33103.184
MinimumVisualStudioVersion = 10.0.40219.1
Project("{FAE04EC0-301F-11D3-BF4B-00C04F79EFBC}") = "TeamHApp", "TeamHApp\TeamHApp.csproj", "{209D7CB0-64DA-4D06-A193-AA44F79800BB}"
EndProject
Global
	GlobalSection(SolutionConfigurationPlatforms) = preSolution
		Debug|Any CPU = Debug|Any CPU
		Release|Any CPU = Release|Any CPU
	EndGlobalSection
	GlobalSection(ProjectConfigurationPlatforms) = postSolution
		{209D7CB0-64DA-4D06-A193-AA44F79800BB}.Debug|Any CPU.ActiveCfg = Debug|Any CPU
		{209D7CB0-64DA-4D06-A193-AA44F79800BB}.Debug|Any CPU.Build.0 = Debug|Any CPU
		{209D7CB0-64DA-4D06-A193-AA44F79800BB}.Release|Any CPU.ActiveCfg = Release|Any CPU
		{209D7CB0-64DA-4D06-A193-AA44F79800BB}.Release|Any CPU.Build.0 = Release|Any CPU
	EndGlobalSection
	GlobalSection(SolutionProperties) = preSolution
		HideSolutionNode = FALSE
	EndGlobalSection
	GlobalSection(ExtensibilityGlobals) = postSolution
		SolutionGuid = {EFEC755F-D68A-4426-9BE7-ABFB169A66D3}
	EndGlobalSection
EndGlobal
